
Microsoft Visual Studio Solution File, Format Version 12.00
# Visual Studio Version 17
VisualStudioVersion = 17.6.33712.159
MinimumVisualStudioVersion = 10.0.40219.1
Project("{FAE04EC0-301F-11D3-BF4B-00C04F79EFBC}") = "mhTestApi", "mhTestApi.csproj", "{B00C0E77-DC51-4D67-A183-6D8665288024}"
EndProject
Global
	GlobalSection(SolutionConfigurationPlatforms) = preSolution
		Debug|Any CPU = Debug|Any CPU
		Release|Any CPU = Release|Any CPU
	EndGlobalSection
	GlobalSection(ProjectConfigurationPlatforms) = postSolution
		{B00C0E77-DC51-4D67-A183-6D8665288024}.Debug|Any CPU.ActiveCfg = Debug|Any CPU
		{B00C0E77-DC51-4D67-A183-6D8665288024}.Debug|Any CPU.Build.0 = Debug|Any CPU
		{B00C0E77-DC51-4D67-A183-6D8665288024}.Release|Any CPU.ActiveCfg = Release|Any CPU
		{B00C0E77-DC51-4D67-A183-6D8665288024}.Release|Any CPU.Build.0 = Release|Any CPU
	EndGlobalSection
	GlobalSection(SolutionProperties) = preSolution
		HideSolutionNode = FALSE
	EndGlobalSection
	GlobalSection(ExtensibilityGlobals) = postSolution
		SolutionGuid = {F2404203-CCF3-4431-97C6-1FC6E63AF81E}
	EndGlobalSection
EndGlobal
